// !$*UTF8*$!
{
	archiveVersion = 1;
	classes = {
	};
	objectVersion = 56;
	objects = {

/* Begin PBXBuildFile section */
		C1000001 /* mcp_main.cpp in Sources */ = {isa = PBXBuildFile; fileRef = C2000001; };
		A1000001 /* MacEverythingApp.swift in Sources */ = {isa = PBXBuildFile; fileRef = A2000001; };
		A1000002 /* AppDelegate.swift in Sources */ = {isa = PBXBuildFile; fileRef = A2000002; };
		A1000003 /* SearchViewModel.swift in Sources */ = {isa = PBXBuildFile; fileRef = A2000003; };
		A1000004 /* ContentView.swift in Sources */ = {isa = PBXBuildFile; fileRef = A2000004; };
		A1000005 /* ResultRow.swift in Sources */ = {isa = PBXBuildFile; fileRef = A2000005; };
		A1000006 /* PermissionView.swift in Sources */ = {isa = PBXBuildFile; fileRef = A2000006; };
		A1000007 /* HotkeyManager.swift in Sources */ = {isa = PBXBuildFile; fileRef = A2000007; };
		A1000008 /* MacSearchBridge.mm in Sources */ = {isa = PBXBuildFile; fileRef = A2000009; };
		A1000009 /* DirectoryScanner.cpp in Sources */ = {isa = PBXBuildFile; fileRef = A200000B; };
		A100000A /* SearchEngine.cpp in Sources */ = {isa = PBXBuildFile; fileRef = A200000D; };
		A100000B /* Carbon.framework in Frameworks */ = {isa = PBXBuildFile; fileRef = A200000F; };
		A100000C /* FileSystemWatcher.cpp in Sources */ = {isa = PBXBuildFile; fileRef = A2000014; };
		A100000D /* CoreServices.framework in Frameworks */ = {isa = PBXBuildFile; fileRef = A2000015; };
		A100000E /* IndexWAL.cpp in Sources */ = {isa = PBXBuildFile; fileRef = A2000017; };
		A100000F /* IndexPersistence.cpp in Sources */ = {isa = PBXBuildFile; fileRef = A2000019; };
		A1000010 /* ShortcutSettingsView.swift in Sources */ = {isa = PBXBuildFile; fileRef = A200001A; };
		A1000011 /* ContentIndex.cpp in Sources */ = {isa = PBXBuildFile; fileRef = A200001C; };
		A1000012 /* ContentIndexPersistence.cpp in Sources */ = {isa = PBXBuildFile; fileRef = A200001E; };
		A1000013 /* ContentResultRow.swift in Sources */ = {isa = PBXBuildFile; fileRef = A200001F; };
		A1000014 /* ContentSettingsView.swift in Sources */ = {isa = PBXBuildFile; fileRef = A2000020; };
		A1000015 /* Assets.xcassets in Resources */ = {isa = PBXBuildFile; fileRef = A2000021; };
		A1000016 /* MacSearchBridge+Content.mm in Sources */ = {isa = PBXBuildFile; fileRef = A2000023; };
		A1000017 /* SearchEnginePersistence.cpp in Sources */ = {isa = PBXBuildFile; fileRef = A2000024; };
		A1000018 /* IndexRefreshThrottle.swift in Sources */ = {isa = PBXBuildFile; fileRef = A2000025; };
		A1000019 /* TextHighlight.swift in Sources */ = {isa = PBXBuildFile; fileRef = A2000026; };
		A1000030 /* HighlightedSearchField.swift in Sources */ = {isa = PBXBuildFile; fileRef = A2000044; };
		A1000031 /* SearchSyntaxHelpView.swift in Sources */ = {isa = PBXBuildFile; fileRef = A2000045; };
		A1000032 /* HighlightHint.swift in Sources */ = {isa = PBXBuildFile; fileRef = A2000046; };
		A1000033 /* SearchEngineV6.cpp in Sources */ = {isa = PBXBuildFile; fileRef = A2000047; };
		A1000034 /* FlatIndexWriter.cpp in Sources */ = {isa = PBXBuildFile; fileRef = A2000049; };
		A1000035 /* L10n.swift in Sources */ = {isa = PBXBuildFile; fileRef = A2000050; };
		A1000036 /* Localizable.strings in Resources */ = {isa = PBXBuildFile; fileRef = A9000101; };
		A1000037 /* AppSettings.swift in Sources */ = {isa = PBXBuildFile; fileRef = A2000053; };
		A1000038 /* GeneralSettingsView.swift in Sources */ = {isa = PBXBuildFile; fileRef = A2000054; };
		A1000039 /* ResultListKeyHandler.swift in Sources */ = {isa = PBXBuildFile; fileRef = A2000055; };
		A100001A /* StringUtils.cpp in Sources */ = {isa = PBXBuildFile; fileRef = A2000028; };
		A100001B /* Logger.cpp in Sources */ = {isa = PBXBuildFile; fileRef = A200002A; };
		A100001C /* AppLogger.swift in Sources */ = {isa = PBXBuildFile; fileRef = A200002B; };
		A100001D /* InstanceLock.cpp in Sources */ = {isa = PBXBuildFile; fileRef = A200002D; };
		A100001E /* SearchHistoryStore.swift in Sources */ = {isa = PBXBuildFile; fileRef = A200002E; };
		A100001F /* PagedIndexWriter.cpp in Sources */ = {isa = PBXBuildFile; fileRef = A2000030; };
		A1000021 /* HttpServer.cpp in Sources */ = {isa = PBXBuildFile; fileRef = A2000034; };
		A1000022 /* ServiceEngine.cpp in Sources */ = {isa = PBXBuildFile; fileRef = A2000036; };
		A1000023 /* ServiceEngine+FSEvents.cpp in Sources */ = {isa = PBXBuildFile; fileRef = A2000037; };
		A1000024 /* ServiceEngine+Content.cpp in Sources */ = {isa = PBXBuildFile; fileRef = A2000038; };
		A1000025 /* SearchEngineQuery.cpp in Sources */ = {isa = PBXBuildFile; fileRef = A2000039; };
		A1000026 /* SearchEngineIndex.cpp in Sources */ = {isa = PBXBuildFile; fileRef = A200003A; };
		A1000027 /* QueryParser.cpp in Sources */ = {isa = PBXBuildFile; fileRef = A200003B; };
		A1000028 /* SearchEngineAdvancedQuery.cpp in Sources */ = {isa = PBXBuildFile; fileRef = A200003C; };
		A1000029 /* SearchEngineStructuredQuery.cpp in Sources */ = {isa = PBXBuildFile; fileRef = A2000042; };
		B1000001 /* MacEverythingUITests.swift in Sources */ = {isa = PBXBuildFile; fileRef = B2000001; };
		A100002A /* SearchOptions.swift in Sources */ = {isa = PBXBuildFile; fileRef = A2000043; };
		D1000001 /* MCPConfigManager.swift in Sources */ = {isa = PBXBuildFile; fileRef = D2000001; };
		D1000002 /* MacEverythingMCP in Copy MCP Binary */ = {isa = PBXBuildFile; fileRef = C2000099; };
/* End PBXBuildFile section */

/* Begin PBXContainerItemProxy section */
		B3000001 /* PBXContainerItemProxy */ = {
			isa = PBXContainerItemProxy;
			containerPortal = A8000001 /* Project object */;
			proxyType = 1;
			remoteGlobalIDString = A5000001;
			remoteInfo = MacEverything;
		};
		D3000001 /* PBXContainerItemProxy */ = {
			isa = PBXContainerItemProxy;
			containerPortal = A8000001 /* Project object */;
			proxyType = 1;
			remoteGlobalIDString = C5000001;
			remoteInfo = MacEverythingMCP;
		};
/* End PBXContainerItemProxy section */

/* Begin PBXFileReference section */
		A2000001 /* MacEverythingApp.swift */ = {isa = PBXFileReference; lastKnownFileType = sourcecode.swift; path = MacEverythingApp.swift; sourceTree = "<group>"; };
		A2000002 /* AppDelegate.swift */ = {isa = PBXFileReference; lastKnownFileType = sourcecode.swift; path = AppDelegate.swift; sourceTree = "<group>"; };
		A2000003 /* SearchViewModel.swift */ = {isa = PBXFileReference; lastKnownFileType = sourcecode.swift; path = SearchViewModel.swift; sourceTree = "<group>"; };
		A2000004 /* ContentView.swift */ = {isa = PBXFileReference; lastKnownFileType = sourcecode.swift; path = ContentView.swift; sourceTree = "<group>"; };
		A2000005 /* ResultRow.swift */ = {isa = PBXFileReference; lastKnownFileType = sourcecode.swift; path = ResultRow.swift; sourceTree = "<group>"; };
		A2000006 /* PermissionView.swift */ = {isa = PBXFileReference; lastKnownFileType = sourcecode.swift; path = PermissionView.swift; sourceTree = "<group>"; };
		A2000007 /* HotkeyManager.swift */ = {isa = PBXFileReference; lastKnownFileType = sourcecode.swift; path = HotkeyManager.swift; sourceTree = "<group>"; };
		A2000008 /* MacSearchBridge.h */ = {isa = PBXFileReference; lastKnownFileType = sourcecode.c.h; path = MacSearchBridge.h; sourceTree = "<group>"; };
		A2000009 /* MacSearchBridge.mm */ = {isa = PBXFileReference; lastKnownFileType = sourcecode.cpp.objcpp; path = MacSearchBridge.mm; sourceTree = "<group>"; };
		A200000A /* DirectoryScanner.h */ = {isa = PBXFileReference; lastKnownFileType = sourcecode.c.h; path = DirectoryScanner.h; sourceTree = "<group>"; };
		A200000B /* DirectoryScanner.cpp */ = {isa = PBXFileReference; lastKnownFileType = sourcecode.cpp.cpp; path = DirectoryScanner.cpp; sourceTree = "<group>"; };
		A200000C /* SearchEngine.h */ = {isa = PBXFileReference; lastKnownFileType = sourcecode.c.h; path = SearchEngine.h; sourceTree = "<group>"; };
		A200000D /* SearchEngine.cpp */ = {isa = PBXFileReference; lastKnownFileType = sourcecode.cpp.cpp; path = SearchEngine.cpp; sourceTree = "<group>"; };
		A200000E /* FileRecord.h */ = {isa = PBXFileReference; lastKnownFileType = sourcecode.c.h; path = FileRecord.h; sourceTree = "<group>"; };
		A200000F /* Carbon.framework */ = {isa = PBXFileReference; lastKnownFileType = wrapper.framework; name = Carbon.framework; path = System/Library/Frameworks/Carbon.framework; sourceTree = SDKROOT; };
		A2000013 /* FileSystemWatcher.h */ = {isa = PBXFileReference; lastKnownFileType = sourcecode.c.h; path = FileSystemWatcher.h; sourceTree = "<group>"; };
		A2000014 /* FileSystemWatcher.cpp */ = {isa = PBXFileReference; lastKnownFileType = sourcecode.cpp.cpp; path = FileSystemWatcher.cpp; sourceTree = "<group>"; };
		A2000015 /* CoreServices.framework */ = {isa = PBXFileReference; lastKnownFileType = wrapper.framework; name = CoreServices.framework; path = System/Library/Frameworks/CoreServices.framework; sourceTree = SDKROOT; };
		A2000016 /* IndexWAL.h */ = {isa = PBXFileReference; lastKnownFileType = sourcecode.c.h; path = IndexWAL.h; sourceTree = "<group>"; };
		A2000017 /* IndexWAL.cpp */ = {isa = PBXFileReference; lastKnownFileType = sourcecode.cpp.cpp; path = IndexWAL.cpp; sourceTree = "<group>"; };
		A2000018 /* IndexPersistence.h */ = {isa = PBXFileReference; lastKnownFileType = sourcecode.c.h; path = IndexPersistence.h; sourceTree = "<group>"; };
		A2000019 /* IndexPersistence.cpp */ = {isa = PBXFileReference; lastKnownFileType = sourcecode.cpp.cpp; path = IndexPersistence.cpp; sourceTree = "<group>"; };
		A2000010 /* MacEverything-Bridging-Header.h */ = {isa = PBXFileReference; lastKnownFileType = sourcecode.c.h; path = "MacEverything-Bridging-Header.h"; sourceTree = "<group>"; };
		A2000011 /* Info.plist */ = {isa = PBXFileReference; lastKnownFileType = text.plist.xml; path = Info.plist; sourceTree = "<group>"; };
		A2000012 /* MacEverything.entitlements */ = {isa = PBXFileReference; lastKnownFileType = text.plist.entitlements; path = MacEverything.entitlements; sourceTree = "<group>"; };
		A2000099 /* MacEverything.app */ = {isa = PBXFileReference; explicitFileType = wrapper.application; includeInIndex = 0; path = MacEverything.app; sourceTree = BUILT_PRODUCTS_DIR; };
		A200001A /* ShortcutSettingsView.swift */ = {isa = PBXFileReference; lastKnownFileType = sourcecode.swift; path = ShortcutSettingsView.swift; sourceTree = "<group>"; };
		A200001B /* ContentIndex.h */ = {isa = PBXFileReference; lastKnownFileType = sourcecode.c.h; path = ContentIndex.h; sourceTree = "<group>"; };
		A200001C /* ContentIndex.cpp */ = {isa = PBXFileReference; lastKnownFileType = sourcecode.cpp.cpp; path = ContentIndex.cpp; sourceTree = "<group>"; };
		A200001D /* ContentIndexPersistence.h */ = {isa = PBXFileReference; lastKnownFileType = sourcecode.c.h; path = ContentIndexPersistence.h; sourceTree = "<group>"; };
		A200001E /* ContentIndexPersistence.cpp */ = {isa = PBXFileReference; lastKnownFileType = sourcecode.cpp.cpp; path = ContentIndexPersistence.cpp; sourceTree = "<group>"; };
		A200001F /* ContentResultRow.swift */ = {isa = PBXFileReference; lastKnownFileType = sourcecode.swift; path = ContentResultRow.swift; sourceTree = "<group>"; };
		A2000020 /* ContentSettingsView.swift */ = {isa = PBXFileReference; lastKnownFileType = sourcecode.swift; path = ContentSettingsView.swift; sourceTree = "<group>"; };
		A2000021 /* Assets.xcassets */ = {isa = PBXFileReference; lastKnownFileType = folder.assetcatalog; path = Assets.xcassets; sourceTree = "<group>"; };
		A2000022 /* MacSearchBridge_Internal.h */ = {isa = PBXFileReference; lastKnownFileType = sourcecode.c.h; path = MacSearchBridge_Internal.h; sourceTree = "<group>"; };
		A2000023 /* MacSearchBridge+Content.mm */ = {isa = PBXFileReference; lastKnownFileType = sourcecode.cpp.objcpp; path = "MacSearchBridge+Content.mm"; sourceTree = "<group>"; };
		A2000024 /* SearchEnginePersistence.cpp */ = {isa = PBXFileReference; lastKnownFileType = sourcecode.cpp.cpp; path = SearchEnginePersistence.cpp; sourceTree = "<group>"; };
		A2000025 /* IndexRefreshThrottle.swift */ = {isa = PBXFileReference; lastKnownFileType = sourcecode.swift; path = IndexRefreshThrottle.swift; sourceTree = "<group>"; };
		A2000026 /* TextHighlight.swift */ = {isa = PBXFileReference; lastKnownFileType = sourcecode.swift; path = TextHighlight.swift; sourceTree = "<group>"; };
		A2000044 /* HighlightedSearchField.swift */ = {isa = PBXFileReference; lastKnownFileType = sourcecode.swift; path = HighlightedSearchField.swift; sourceTree = "<group>"; };
		A2000045 /* SearchSyntaxHelpView.swift */ = {isa = PBXFileReference; lastKnownFileType = sourcecode.swift; path = SearchSyntaxHelpView.swift; sourceTree = "<group>"; };
		A2000046 /* HighlightHint.swift */ = {isa = PBXFileReference; lastKnownFileType = sourcecode.swift; path = HighlightHint.swift; sourceTree = "<group>"; };
		A2000027 /* StringUtils.h */ = {isa = PBXFileReference; lastKnownFileType = sourcecode.c.h; path = StringUtils.h; sourceTree = "<group>"; };
		A2000028 /* StringUtils.cpp */ = {isa = PBXFileReference; lastKnownFileType = sourcecode.cpp.cpp; path = StringUtils.cpp; sourceTree = "<group>"; };
		A2000029 /* Logger.h */ = {isa = PBXFileReference; lastKnownFileType = sourcecode.c.h; path = Logger.h; sourceTree = "<group>"; };
		A200002A /* Logger.cpp */ = {isa = PBXFileReference; lastKnownFileType = sourcecode.cpp.cpp; path = Logger.cpp; sourceTree = "<group>"; };
		A200002B /* AppLogger.swift */ = {isa = PBXFileReference; lastKnownFileType = sourcecode.swift; path = AppLogger.swift; sourceTree = "<group>"; };
		A200002C /* InstanceLock.h */ = {isa = PBXFileReference; lastKnownFileType = sourcecode.c.h; path = InstanceLock.h; sourceTree = "<group>"; };
		A200002D /* InstanceLock.cpp */ = {isa = PBXFileReference; lastKnownFileType = sourcecode.cpp.cpp; path = InstanceLock.cpp; sourceTree = "<group>"; };
		A200002E /* SearchHistoryStore.swift */ = {isa = PBXFileReference; lastKnownFileType = sourcecode.swift; path = SearchHistoryStore.swift; sourceTree = "<group>"; };
		D2000001 /* MCPConfigManager.swift */ = {isa = PBXFileReference; lastKnownFileType = sourcecode.swift; path = MCPConfigManager.swift; sourceTree = "<group>"; };
		A200002F /* PagedIndexWriter.h */ = {isa = PBXFileReference; lastKnownFileType = sourcecode.c.h; path = PagedIndexWriter.h; sourceTree = "<group>"; };
		A2000030 /* PagedIndexWriter.cpp */ = {isa = PBXFileReference; lastKnownFileType = sourcecode.cpp.cpp; path = PagedIndexWriter.cpp; sourceTree = "<group>"; };
		A2000033 /* HttpServer.h */ = {isa = PBXFileReference; lastKnownFileType = sourcecode.c.h; path = HttpServer.h; sourceTree = "<group>"; };
		A2000034 /* HttpServer.cpp */ = {isa = PBXFileReference; lastKnownFileType = sourcecode.cpp.cpp; path = HttpServer.cpp; sourceTree = "<group>"; };
		A2000035 /* ServiceEngine.h */ = {isa = PBXFileReference; lastKnownFileType = sourcecode.c.h; path = ServiceEngine.h; sourceTree = "<group>"; };
		A2000036 /* ServiceEngine.cpp */ = {isa = PBXFileReference; lastKnownFileType = sourcecode.cpp.cpp; path = ServiceEngine.cpp; sourceTree = "<group>"; };
		A2000037 /* ServiceEngine+FSEvents.cpp */ = {isa = PBXFileReference; lastKnownFileType = sourcecode.cpp.cpp; path = "ServiceEngine+FSEvents.cpp"; sourceTree = "<group>"; };
		A2000038 /* ServiceEngine+Content.cpp */ = {isa = PBXFileReference; lastKnownFileType = sourcecode.cpp.cpp; path = "ServiceEngine+Content.cpp"; sourceTree = "<group>"; };
		A2000039 /* SearchEngineQuery.cpp */ = {isa = PBXFileReference; lastKnownFileType = sourcecode.cpp.cpp; path = SearchEngineQuery.cpp; sourceTree = "<group>"; };
		A200003A /* SearchEngineIndex.cpp */ = {isa = PBXFileReference; lastKnownFileType = sourcecode.cpp.cpp; path = SearchEngineIndex.cpp; sourceTree = "<group>"; };
		A200003B /* QueryParser.cpp */ = {isa = PBXFileReference; lastKnownFileType = sourcecode.cpp.cpp; path = QueryParser.cpp; sourceTree = "<group>"; };
		A200003C /* SearchEngineAdvancedQuery.cpp */ = {isa = PBXFileReference; lastKnownFileType = sourcecode.cpp.cpp; path = SearchEngineAdvancedQuery.cpp; sourceTree = "<group>"; };
		A200003D /* QueryAST.h */ = {isa = PBXFileReference; lastKnownFileType = sourcecode.c.h; path = QueryAST.h; sourceTree = "<group>"; };
		A200003E /* QueryTokenizer.h */ = {isa = PBXFileReference; lastKnownFileType = sourcecode.c.h; path = QueryTokenizer.h; sourceTree = "<group>"; };
		A200003F /* QueryParser.h */ = {isa = PBXFileReference; lastKnownFileType = sourcecode.c.h; path = QueryParser.h; sourceTree = "<group>"; };
		A2000040 /* QueryFilterParser.h */ = {isa = PBXFileReference; lastKnownFileType = sourcecode.c.h; path = QueryFilterParser.h; sourceTree = "<group>"; };
		A2000041 /* QueryDateParser.h */ = {isa = PBXFileReference; lastKnownFileType = sourcecode.c.h; path = QueryDateParser.h; sourceTree = "<group>"; };
		A2000042 /* SearchEngineStructuredQuery.cpp */ = {isa = PBXFileReference; lastKnownFileType = sourcecode.cpp.cpp; path = SearchEngineStructuredQuery.cpp; sourceTree = "<group>"; };
		A2000047 /* SearchEngineV6.cpp */ = {isa = PBXFileReference; lastKnownFileType = sourcecode.cpp.cpp; path = SearchEngineV6.cpp; sourceTree = "<group>"; };
		A2000048 /* FlatIndexWriter.h */ = {isa = PBXFileReference; lastKnownFileType = sourcecode.c.h; path = FlatIndexWriter.h; sourceTree = "<group>"; };
		A2000049 /* FlatIndexWriter.cpp */ = {isa = PBXFileReference; lastKnownFileType = sourcecode.cpp.cpp; path = FlatIndexWriter.cpp; sourceTree = "<group>"; };
		A2000043 /* SearchOptions.swift */ = {isa = PBXFileReference; lastKnownFileType = sourcecode.swift; path = SearchOptions.swift; sourceTree = "<group>"; };
		A2000050 /* L10n.swift */ = {isa = PBXFileReference; lastKnownFileType = sourcecode.swift; path = L10n.swift; sourceTree = "<group>"; };
		A2000051 /* en */ = {isa = PBXFileReference; lastKnownFileType = text.plist.strings; name = en; path = en.lproj/Localizable.strings; sourceTree = "<group>"; };
		A2000052 /* zh-Hans */ = {isa = PBXFileReference; lastKnownFileType = text.plist.strings; name = "zh-Hans"; path = "zh-Hans.lproj/Localizable.strings"; sourceTree = "<group>"; };
		A2000053 /* AppSettings.swift */ = {isa = PBXFileReference; lastKnownFileType = sourcecode.swift; path = AppSettings.swift; sourceTree = "<group>"; };
		A2000054 /* GeneralSettingsView.swift */ = {isa = PBXFileReference; lastKnownFileType = sourcecode.swift; path = GeneralSettingsView.swift; sourceTree = "<group>"; };
		A2000055 /* ResultListKeyHandler.swift */ = {isa = PBXFileReference; lastKnownFileType = sourcecode.swift; path = ResultListKeyHandler.swift; sourceTree = "<group>"; };
		B2000001 /* MacEverythingUITests.swift */ = {isa = PBXFileReference; lastKnownFileType = sourcecode.swift; path = MacEverythingUITests.swift; sourceTree = "<group>"; };
		B2000002 /* MacEverythingUITests.xctest */ = {isa = PBXFileReference; explicitFileType = wrapper.cfbundle; includeInIndex = 0; path = MacEverythingUITests.xctest; sourceTree = BUILT_PRODUCTS_DIR; };
		C2000001 /* mcp_main.cpp */ = {isa = PBXFileReference; lastKnownFileType = sourcecode.cpp.cpp; path = mcp_main.cpp; sourceTree = "<group>"; };
		C2000099 /* MacEverythingMCP */ = {isa = PBXFileReference; explicitFileType = "compiled.mach-o.executable"; includeInIndex = 0; path = MacEverythingMCP; sourceTree = BUILT_PRODUCTS_DIR; };
/* End PBXFileReference section */

/* Begin PBXCopyFilesBuildPhase section */
		D6000001 /* Copy MCP Binary */ = {
			isa = PBXCopyFilesBuildPhase;
			buildActionMask = 2147483647;
			dstPath = "";
			dstSubfolderSpec = 6;
			files = (
				D1000002 /* MacEverythingMCP in Copy MCP Binary */,
			);
			name = "Copy MCP Binary";
			runOnlyForDeploymentPostprocessing = 0;
		};
/* End PBXCopyFilesBuildPhase section */

/* Begin PBXResourcesBuildPhase section */
		BB000001 /* Resources */ = {
			isa = PBXResourcesBuildPhase;
			buildActionMask = 2147483647;
			files = (
			);
			runOnlyForDeploymentPostprocessing = 0;
		};
		A3000002 /* Resources */ = {
			isa = PBXResourcesBuildPhase;
			buildActionMask = 2147483647;
			files = (
				A1000015 /* Assets.xcassets in Resources */,
				A1000036 /* Localizable.strings in Resources */,
			);
			runOnlyForDeploymentPostprocessing = 0;
		};
/* End PBXResourcesBuildPhase section */

/* Begin PBXVariantGroup section */
		A9000101 /* Localizable.strings */ = {
			isa = PBXVariantGroup;
			children = (
				A2000051 /* en */,
				A2000052 /* zh-Hans */,
			);
			name = Localizable.strings;
			sourceTree = "<group>";
		};
/* End PBXVariantGroup section */

/* Begin PBXShellScriptBuildPhase section */
		E6000001 /* Embed Homebrew Dylibs */ = {
			isa = PBXShellScriptBuildPhase;
			alwaysOutOfDate = 1;
			buildActionMask = 2147483647;
			files = (
			);
			inputFileListPaths = (
			);
			inputPaths = (
			);
			name = "Embed Homebrew Dylibs";
			outputFileListPaths = (
			);
			outputPaths = (
			);
			runOnlyForDeploymentPostprocessing = 0;
			shellPath = /bin/sh;
			shellScript = "/bin/bash \"${SRCROOT}/scripts/embed-homebrew-dylibs.sh\" \"${TARGET_BUILD_DIR}/${WRAPPER_NAME}\" \"${EXECUTABLE_NAME}\" \"MacEverythingMCP\"\n";
		};
/* End PBXShellScriptBuildPhase section */

/* Begin PBXFrameworksBuildPhase section */
		BA000001 /* Frameworks */ = {
			isa = PBXFrameworksBuildPhase;
			buildActionMask = 2147483647;
			files = (
			);
			runOnlyForDeploymentPostprocessing = 0;
		};
		A3000001 /* Frameworks */ = {
			isa = PBXFrameworksBuildPhase;
			buildActionMask = 2147483647;
			files = (
				A100000B /* Carbon.framework in Frameworks */,
				A100000D /* CoreServices.framework in Frameworks */,
			);
			runOnlyForDeploymentPostprocessing = 0;
		};
/* End PBXFrameworksBuildPhase section */

/* Begin PBXGroup section */
		B4000001 /* MacEverythingUITests */ = {
			isa = PBXGroup;
			children = (
				B2000001 /* MacEverythingUITests.swift */,
			);
			path = MacEverythingUITests;
			sourceTree = "<group>";
		};
		A4000001 /* Root */ = {
			isa = PBXGroup;
			children = (
				A4000002 /* MacEverything */,
				B4000001 /* MacEverythingUITests */,
				A4000006 /* Frameworks */,
				A4000007 /* Products */,
			);
			sourceTree = "<group>";
		};
		A4000002 /* MacEverything */ = {
			isa = PBXGroup;
			children = (
				A4000003 /* App */,
				A4000004 /* Bridge */,
				A4000005 /* Core */,
				C4000001 /* CLI */,
				A2000021 /* Assets.xcassets */,
				A9000101 /* Localizable.strings */,
				A2000010 /* MacEverything-Bridging-Header.h */,
				A2000011 /* Info.plist */,
				A2000012 /* MacEverything.entitlements */,
			);
			path = MacEverything;
			sourceTree = "<group>";
		};
		C4000001 /* CLI */ = {
			isa = PBXGroup;
			children = (
				C2000001 /* mcp_main.cpp */,
			);
			path = CLI;
			sourceTree = "<group>";
		};
		A4000003 /* App */ = {
			isa = PBXGroup;
			children = (
				A2000001 /* MacEverythingApp.swift */,
				A2000002 /* AppDelegate.swift */,
				A2000003 /* SearchViewModel.swift */,
				A2000004 /* ContentView.swift */,
				A2000005 /* ResultRow.swift */,
				A2000006 /* PermissionView.swift */,
				A2000007 /* HotkeyManager.swift */,
				A200001A /* ShortcutSettingsView.swift */,
				A200001F /* ContentResultRow.swift */,
				A2000020 /* ContentSettingsView.swift */,
				A2000025 /* IndexRefreshThrottle.swift */,
				A2000026 /* TextHighlight.swift */,
				A2000046 /* HighlightHint.swift */,
				A2000044 /* HighlightedSearchField.swift */,
				A200002B /* AppLogger.swift */,
				A200002E /* SearchHistoryStore.swift */,
				D2000001 /* MCPConfigManager.swift */,
				A2000043 /* SearchOptions.swift */,
				A2000045 /* SearchSyntaxHelpView.swift */,
				A2000050 /* L10n.swift */,
				A2000053 /* AppSettings.swift */,
				A2000054 /* GeneralSettingsView.swift */,
				A2000055 /* ResultListKeyHandler.swift */,
			);
			path = App;
			sourceTree = "<group>";
		};
		A4000004 /* Bridge */ = {
			isa = PBXGroup;
			children = (
				A2000008 /* MacSearchBridge.h */,
				A2000022 /* MacSearchBridge_Internal.h */,
				A2000009 /* MacSearchBridge.mm */,
				A2000023 /* MacSearchBridge+Content.mm */,
			);
			path = Bridge;
			sourceTree = "<group>";
		};
		A4000005 /* Core */ = {
			isa = PBXGroup;
			children = (
				A200000E /* FileRecord.h */,
				A200000A /* DirectoryScanner.h */,
				A200000B /* DirectoryScanner.cpp */,
				A200000C /* SearchEngine.h */,
				A200000D /* SearchEngine.cpp */,
				A2000039 /* SearchEngineQuery.cpp */,
				A200003A /* SearchEngineIndex.cpp */,
				A2000047 /* SearchEngineV6.cpp */,
				A2000013 /* FileSystemWatcher.h */,
				A2000014 /* FileSystemWatcher.cpp */,
				A2000016 /* IndexWAL.h */,
				A2000017 /* IndexWAL.cpp */,
				A2000018 /* IndexPersistence.h */,
				A2000019 /* IndexPersistence.cpp */,
				A200001B /* ContentIndex.h */,
				A200001C /* ContentIndex.cpp */,
				A200001D /* ContentIndexPersistence.h */,
				A200001E /* ContentIndexPersistence.cpp */,
				A2000024 /* SearchEnginePersistence.cpp */,
				A2000027 /* StringUtils.h */,
				A2000028 /* StringUtils.cpp */,
				A2000029 /* Logger.h */,
				A200002A /* Logger.cpp */,
				A200002C /* InstanceLock.h */,
				A200002D /* InstanceLock.cpp */,
				A200002F /* PagedIndexWriter.h */,
				A2000030 /* PagedIndexWriter.cpp */,
				A2000048 /* FlatIndexWriter.h */,
				A2000049 /* FlatIndexWriter.cpp */,
				A2000033 /* HttpServer.h */,
				A2000034 /* HttpServer.cpp */,
				A2000035 /* ServiceEngine.h */,
				A2000036 /* ServiceEngine.cpp */,
				A2000037 /* ServiceEngine+FSEvents.cpp */,
				A2000038 /* ServiceEngine+Content.cpp */,
				A200003B /* QueryParser.cpp */,
				A200003C /* SearchEngineAdvancedQuery.cpp */,
				A2000042 /* SearchEngineStructuredQuery.cpp */,
				A200003D /* QueryAST.h */,
				A200003E /* QueryTokenizer.h */,
				A200003F /* QueryParser.h */,
				A2000040 /* QueryFilterParser.h */,
				A2000041 /* QueryDateParser.h */,
			);
			path = Core;
			sourceTree = "<group>";
		};
		A4000006 /* Frameworks */ = {
			isa = PBXGroup;
			children = (
				A200000F /* Carbon.framework */,
				A2000015 /* CoreServices.framework */,
			);
			name = Frameworks;
			sourceTree = "<group>";
		};
		A4000007 /* Products */ = {
			isa = PBXGroup;
			children = (
				A2000099 /* MacEverything.app */,
				B2000002 /* MacEverythingUITests.xctest */,
				C2000099 /* MacEverythingMCP */,
			);
			name = Products;
			sourceTree = "<group>";
		};
/* End PBXGroup section */

/* Begin PBXNativeTarget section */
		A5000001 /* MacEverything */ = {
			isa = PBXNativeTarget;
			buildConfigurationList = A7000003 /* Build configuration list for PBXNativeTarget "MacEverything" */;
			buildPhases = (
				A6000001 /* Sources */,
				A3000001 /* Frameworks */,
				A3000002 /* Resources */,
				D6000001 /* Copy MCP Binary */,
				E6000001 /* Embed Homebrew Dylibs */,
			);
			buildRules = (
			);
			dependencies = (
				D7000001 /* PBXTargetDependency */,
			);
			name = MacEverything;
			productName = MacEverything;
			productReference = A2000099 /* MacEverything.app */;
			productType = "com.apple.product-type.application";
		};
		B5000001 /* MacEverythingUITests */ = {
			isa = PBXNativeTarget;
			buildConfigurationList = B9000001 /* Build configuration list for PBXNativeTarget "MacEverythingUITests" */;
			buildPhases = (
				B6000001 /* Sources */,
				BA000001 /* Frameworks */,
				BB000001 /* Resources */,
			);
			buildRules = (
			);
			dependencies = (
				B7000001 /* PBXTargetDependency */,
			);
			name = MacEverythingUITests;
			productName = MacEverythingUITests;
			productReference = B2000002 /* MacEverythingUITests.xctest */;
			productType = "com.apple.product-type.bundle.ui-testing";
		};
		C5000001 /* MacEverythingMCP */ = {
			isa = PBXNativeTarget;
			buildConfigurationList = C7000001 /* Build configuration list for PBXNativeTarget "MacEverythingMCP" */;
			buildPhases = (
				C6000001 /* Sources */,
			);
			buildRules = (
			);
			dependencies = (
			);
			name = MacEverythingMCP;
			productName = MacEverythingMCP;
			productReference = C2000099 /* MacEverythingMCP */;
			productType = "com.apple.product-type.tool";
		};
/* End PBXNativeTarget section */

/* Begin PBXProject section */
		A8000001 /* Project object */ = {
			isa = PBXProject;
			attributes = {
				BuildIndependentTargetsInParallel = 1;
				LastSwiftUpdateCheck = 1540;
				LastUpgradeCheck = 1540;
			};
			buildConfigurationList = A7000001 /* Build configuration list for PBXProject "MacEverything" */;
			compatibilityVersion = "Xcode 14.0";
			developmentRegion = en;
			hasScannedForEncodings = 0;
			knownRegions = (
				en,
				"zh-Hans",
				Base,
			);
			mainGroup = A4000001;
			productRefGroup = A4000007 /* Products */;
			projectDirPath = "";
			projectRoot = "";
			targets = (
				A5000001 /* MacEverything */,
				B5000001 /* MacEverythingUITests */,
				C5000001 /* MacEverythingMCP */,
			);
		};
/* End PBXProject section */

/* Begin PBXSourcesBuildPhase section */
		A6000001 /* Sources */ = {
			isa = PBXSourcesBuildPhase;
			buildActionMask = 2147483647;
			files = (
				A1000001 /* MacEverythingApp.swift in Sources */,
				A1000002 /* AppDelegate.swift in Sources */,
				A1000003 /* SearchViewModel.swift in Sources */,
				A1000004 /* ContentView.swift in Sources */,
				A1000005 /* ResultRow.swift in Sources */,
				A1000006 /* PermissionView.swift in Sources */,
				A1000007 /* HotkeyManager.swift in Sources */,
				A1000008 /* MacSearchBridge.mm in Sources */,
				A1000009 /* DirectoryScanner.cpp in Sources */,
				A100000A /* SearchEngine.cpp in Sources */,
				A1000025 /* SearchEngineQuery.cpp in Sources */,
				A1000026 /* SearchEngineIndex.cpp in Sources */,
				A1000033 /* SearchEngineV6.cpp in Sources */,
				A100000C /* FileSystemWatcher.cpp in Sources */,
				A100000E /* IndexWAL.cpp in Sources */,
				A100000F /* IndexPersistence.cpp in Sources */,
				A1000010 /* ShortcutSettingsView.swift in Sources */,
				A1000011 /* ContentIndex.cpp in Sources */,
				A1000012 /* ContentIndexPersistence.cpp in Sources */,
				A1000013 /* ContentResultRow.swift in Sources */,
				A1000014 /* ContentSettingsView.swift in Sources */,
				A1000016 /* MacSearchBridge+Content.mm in Sources */,
				A1000017 /* SearchEnginePersistence.cpp in Sources */,
				A1000018 /* IndexRefreshThrottle.swift in Sources */,
				A1000019 /* TextHighlight.swift in Sources */,
				A1000032 /* HighlightHint.swift in Sources */,
				A1000030 /* HighlightedSearchField.swift in Sources */,
				A1000031 /* SearchSyntaxHelpView.swift in Sources */,
				A100001A /* StringUtils.cpp in Sources */,
				A100001B /* Logger.cpp in Sources */,
				A100001C /* AppLogger.swift in Sources */,
				A100001D /* InstanceLock.cpp in Sources */,
				A100001E /* SearchHistoryStore.swift in Sources */,
				A100001F /* PagedIndexWriter.cpp in Sources */,
				A1000034 /* FlatIndexWriter.cpp in Sources */,
				A1000021 /* HttpServer.cpp in Sources */,
				A1000022 /* ServiceEngine.cpp in Sources */,
				A1000023 /* ServiceEngine+FSEvents.cpp in Sources */,
				A1000024 /* ServiceEngine+Content.cpp in Sources */,
				D1000001 /* MCPConfigManager.swift in Sources */,
				A1000027 /* QueryParser.cpp in Sources */,
				A1000028 /* SearchEngineAdvancedQuery.cpp in Sources */,
				A1000029 /* SearchEngineStructuredQuery.cpp in Sources */,
				A100002A /* SearchOptions.swift in Sources */,
				A1000035 /* L10n.swift in Sources */,
				A1000037 /* AppSettings.swift in Sources */,
				A1000038 /* GeneralSettingsView.swift in Sources */,
				A1000039 /* ResultListKeyHandler.swift in Sources */,
			);
			runOnlyForDeploymentPostprocessing = 0;
		};
		B6000001 /* Sources */ = {
			isa = PBXSourcesBuildPhase;
			buildActionMask = 2147483647;
			files = (
				B1000001 /* MacEverythingUITests.swift in Sources */,
			);
			runOnlyForDeploymentPostprocessing = 0;
		};
		C6000001 /* Sources */ = {
			isa = PBXSourcesBuildPhase;
			buildActionMask = 2147483647;
			files = (
				C1000001 /* mcp_main.cpp in Sources */,
			);
			runOnlyForDeploymentPostprocessing = 0;
		};
/* End PBXSourcesBuildPhase section */

/* Begin PBXTargetDependency section */
		B7000001 /* PBXTargetDependency */ = {
			isa = PBXTargetDependency;
			target = A5000001 /* MacEverything */;
			targetProxy = B3000001 /* PBXContainerItemProxy */;
		};
		D7000001 /* PBXTargetDependency */ = {
			isa = PBXTargetDependency;
			target = C5000001 /* MacEverythingMCP */;
			targetProxy = D3000001 /* PBXContainerItemProxy */;
		};
/* End PBXTargetDependency section */

/* Begin XCBuildConfiguration section */
		A9000001 /* Debug */ = {
			isa = XCBuildConfiguration;
			buildSettings = {
				ALWAYS_SEARCH_USER_PATHS = NO;
				CLANG_CXX_LANGUAGE_STANDARD = "c++20";
				CLANG_ENABLE_MODULES = YES;
				CLANG_ENABLE_OBJC_ARC = YES;
				COPY_PHASE_STRIP = NO;
				DEBUG_INFORMATION_FORMAT = dwarf;
				GCC_OPTIMIZATION_LEVEL = 0;
				GCC_PREPROCESSOR_DEFINITIONS = (
					"DEBUG=1",
					"$(inherited)",
				);
				MACOSX_DEPLOYMENT_TARGET = 14.0;
				MTL_ENABLE_DEBUG_INFO = INCLUDE_SOURCE;
				ONLY_ACTIVE_ARCH = YES;
				SDKROOT = macosx;
				SWIFT_ACTIVE_COMPILATION_CONDITIONS = DEBUG;
				SWIFT_OPTIMIZATION_LEVEL = "-Onone";
			};
			name = Debug;
		};
		A9000002 /* Release */ = {
			isa = XCBuildConfiguration;
			buildSettings = {
				ALWAYS_SEARCH_USER_PATHS = NO;
				CLANG_CXX_LANGUAGE_STANDARD = "c++20";
				CLANG_ENABLE_MODULES = YES;
				CLANG_ENABLE_OBJC_ARC = YES;
				COPY_PHASE_STRIP = NO;
				DEBUG_INFORMATION_FORMAT = "dwarf-with-dsym";
				ENABLE_NS_ASSERTIONS = NO;
				GCC_OPTIMIZATION_LEVEL = 2;
				MACOSX_DEPLOYMENT_TARGET = 14.0;
				MTL_ENABLE_DEBUG_INFO = NO;
				SDKROOT = macosx;
				SWIFT_COMPILATION_MODE = wholemodule;
				SWIFT_OPTIMIZATION_LEVEL = "-O";
			};
			name = Release;
		};
		A9000003 /* Debug */ = {
			isa = XCBuildConfiguration;
			buildSettings = {
				ASSETCATALOG_COMPILER_APPICON_NAME = AppIcon;
				CODE_SIGN_ENTITLEMENTS = MacEverything/MacEverything.entitlements;
				CODE_SIGN_STYLE = Automatic;
				COMBINE_HIDPI_IMAGES = YES;
				INFOPLIST_FILE = MacEverything/Info.plist;
				LD_RUNPATH_SEARCH_PATHS = (
					"$(inherited)",
					"@executable_path/../Frameworks",
				);
				PRODUCT_BUNDLE_IDENTIFIER = com.maceverything.app;
				PRODUCT_NAME = "$(TARGET_NAME)";
				RE2_DEPENDENCY_ROOT = "$(SRCROOT)/third_party/re2";
				SWIFT_EMIT_LOC_STRINGS = YES;
				SWIFT_OBJC_BRIDGING_HEADER = "MacEverything/MacEverything-Bridging-Header.h";
				SWIFT_VERSION = 5.0;
				HEADER_SEARCH_PATHS = (
					"$(SRCROOT)/MacEverything/Core",
					"$(SRCROOT)/MacEverything/Bridge",
					"$(RE2_DEPENDENCY_ROOT)/include",
					"/opt/homebrew/opt/re2/include",
					"/opt/homebrew/opt/abseil/include",
					"/usr/local/opt/re2/include",
					"/usr/local/opt/abseil/include",
				);
				LIBRARY_SEARCH_PATHS = (
					"$(RE2_DEPENDENCY_ROOT)/lib",
					"/opt/homebrew/opt/re2/lib",
					"/opt/homebrew/opt/abseil/lib",
					"/usr/local/opt/re2/lib",
					"/usr/local/opt/abseil/lib",
				);
				OTHER_LDFLAGS = (
					"-lre2",
				);
			};
			name = Debug;
		};
		A9000004 /* Release */ = {
			isa = XCBuildConfiguration;
			buildSettings = {
				ASSETCATALOG_COMPILER_APPICON_NAME = AppIcon;
				CODE_SIGN_ENTITLEMENTS = MacEverything/MacEverything.entitlements;
				CODE_SIGN_STYLE = Automatic;
				COMBINE_HIDPI_IMAGES = YES;
				INFOPLIST_FILE = MacEverything/Info.plist;
				LD_RUNPATH_SEARCH_PATHS = (
					"$(inherited)",
					"@executable_path/../Frameworks",
				);
				PRODUCT_BUNDLE_IDENTIFIER = com.maceverything.app;
				PRODUCT_NAME = "$(TARGET_NAME)";
				RE2_DEPENDENCY_ROOT = "$(SRCROOT)/third_party/re2";
				SWIFT_EMIT_LOC_STRINGS = YES;
				SWIFT_OBJC_BRIDGING_HEADER = "MacEverything/MacEverything-Bridging-Header.h";
				SWIFT_VERSION = 5.0;
				HEADER_SEARCH_PATHS = (
					"$(SRCROOT)/MacEverything/Core",
					"$(SRCROOT)/MacEverything/Bridge",
					"$(RE2_DEPENDENCY_ROOT)/include",
					"/opt/homebrew/opt/re2/include",
					"/opt/homebrew/opt/abseil/include",
					"/usr/local/opt/re2/include",
					"/usr/local/opt/abseil/include",
				);
				LIBRARY_SEARCH_PATHS = (
					"$(RE2_DEPENDENCY_ROOT)/lib",
					"/opt/homebrew/opt/re2/lib",
					"/opt/homebrew/opt/abseil/lib",
					"/usr/local/opt/re2/lib",
					"/usr/local/opt/abseil/lib",
				);
				OTHER_LDFLAGS = (
					"-lre2",
				);
			};
			name = Release;
		};
		B8000001 /* Debug */ = {
			isa = XCBuildConfiguration;
			buildSettings = {
				CODE_SIGN_STYLE = Automatic;
				GENERATE_INFOPLIST_FILE = YES;
				LD_RUNPATH_SEARCH_PATHS = (
					"$(inherited)",
					"@executable_path/../Frameworks",
					"@loader_path/../Frameworks",
				);
				PRODUCT_BUNDLE_IDENTIFIER = com.example.MacEverythingUITests;
				PRODUCT_NAME = "$(TARGET_NAME)";
				SWIFT_VERSION = 5.0;
				TEST_TARGET_NAME = MacEverything;
			};
			name = Debug;
		};
		B8000002 /* Release */ = {
			isa = XCBuildConfiguration;
			buildSettings = {
				CODE_SIGN_STYLE = Automatic;
				GENERATE_INFOPLIST_FILE = YES;
				LD_RUNPATH_SEARCH_PATHS = (
					"$(inherited)",
					"@executable_path/../Frameworks",
					"@loader_path/../Frameworks",
				);
				PRODUCT_BUNDLE_IDENTIFIER = com.example.MacEverythingUITests;
				PRODUCT_NAME = "$(TARGET_NAME)";
				SWIFT_VERSION = 5.0;
				TEST_TARGET_NAME = MacEverything;
			};
			name = Release;
		};
		C8000001 /* Debug */ = {
			isa = XCBuildConfiguration;
			buildSettings = {
				CODE_SIGN_STYLE = Automatic;
				CLANG_CXX_LANGUAGE_STANDARD = "c++20";
				GCC_OPTIMIZATION_LEVEL = 0;
				MACOSX_DEPLOYMENT_TARGET = 14.0;
				PRODUCT_NAME = "$(TARGET_NAME)";
			};
			name = Debug;
		};
		C8000002 /* Release */ = {
			isa = XCBuildConfiguration;
			buildSettings = {
				CODE_SIGN_STYLE = Automatic;
				CLANG_CXX_LANGUAGE_STANDARD = "c++20";
				GCC_OPTIMIZATION_LEVEL = 2;
				MACOSX_DEPLOYMENT_TARGET = 14.0;
				PRODUCT_NAME = "$(TARGET_NAME)";
			};
			name = Release;
		};
/* End XCBuildConfiguration section */

/* Begin XCConfigurationList section */
		A7000001 /* Build configuration list for PBXProject "MacEverything" */ = {
			isa = XCConfigurationList;
			buildConfigurations = (
				A9000001 /* Debug */,
				A9000002 /* Release */,
			);
			defaultConfigurationIsVisible = 0;
			defaultConfigurationName = Release;
		};
		A7000003 /* Build configuration list for PBXNativeTarget "MacEverything" */ = {
			isa = XCConfigurationList;
			buildConfigurations = (
				A9000003 /* Debug */,
				A9000004 /* Release */,
			);
			defaultConfigurationIsVisible = 0;
			defaultConfigurationName = Release;
		};
		B9000001 /* Build configuration list for PBXNativeTarget "MacEverythingUITests" */ = {
			isa = XCConfigurationList;
			buildConfigurations = (
				B8000001 /* Debug */,
				B8000002 /* Release */,
			);
			defaultConfigurationIsVisible = 0;
			defaultConfigurationName = Release;
		};
		C7000001 /* Build configuration list for PBXNativeTarget "MacEverythingMCP" */ = {
			isa = XCConfigurationList;
			buildConfigurations = (
				C8000001 /* Debug */,
				C8000002 /* Release */,
			);
			defaultConfigurationIsVisible = 0;
			defaultConfigurationName = Release;
		};
/* End XCConfigurationList section */

	};
	rootObject = A8000001 /* Project object */;
}
